
Microsoft Visual Studio Solution File, Format Version 12.00
# Visual Studio Version 16
VisualStudioVersion = 16.0.29613.14
MinimumVisualStudioVersion = 10.0.40219.1
Project("{888888A0-9F3D-457C-B088-3A5042F75D52}") = "AI", "AI\AI.pyproj", "{6A42A085-4368-45C4-80CF-9B2C68FAC8CE}"
EndProject
Global
	GlobalSection(SolutionConfigurationPlatforms) = preSolution
		Debug|Any CPU = Debug|Any CPU
		Release|Any CPU = Release|Any CPU
	EndGlobalSection
	GlobalSection(ProjectConfigurationPlatforms) = postSolution
		{6A42A085-4368-45C4-80CF-9B2C68FAC8CE}.Debug|Any CPU.ActiveCfg = Debug|Any CPU
		{6A42A085-4368-45C4-80CF-9B2C68FAC8CE}.Release|Any CPU.ActiveCfg = Release|Any CPU
	EndGlobalSection
	GlobalSection(SolutionProperties) = preSolution
		HideSolutionNode = FALSE
	EndGlobalSection
	GlobalSection(ExtensibilityGlobals) = postSolution
		SolutionGuid = {FB7744F0-1C94-4836-8A8D-D118E74F6049}
	EndGlobalSection
EndGlobal
